
Microsoft Visual Studio Solution File, Format Version 12.00
# Visual Studio 2013
VisualStudioVersion = 12.0.40629.0
MinimumVisualStudioVersion = 10.0.40219.1
Project("{E24C65DC-7377-472B-9ABA-BC803B73C61A}") = "eToolsWeb(2)", "http://localhost:49764", "{FD5510CA-54F4-42D4-998A-AE294CE63229}"
	ProjectSection(WebsiteProperties) = preProject
		UseIISExpress = "true"
		TargetFrameworkMoniker = ".NETFramework,Version%3Dv4.5"
		ProjectReferences = "{ad1ff917-a408-4b85-8e91-a345abf193ff}|eToolsSystem.dll;"
		Debug.AspNetCompiler.VirtualPath = "/localhost_49764"
		Debug.AspNetCompiler.PhysicalPath = "eToolsWeb\"
		Debug.AspNetCompiler.TargetPath = "PrecompiledWeb\localhost_49764\"
		Debug.AspNetCompiler.Updateable = "true"
		Debug.AspNetCompiler.ForceOverwrite = "true"
		Debug.AspNetCompiler.FixedNames = "false"
		Debug.AspNetCompiler.Debug = "True"
		Release.AspNetCompiler.VirtualPath = "/localhost_49764"
		Release.AspNetCompiler.PhysicalPath = "eToolsWeb\"
		Release.AspNetCompiler.TargetPath = "PrecompiledWeb\localhost_49764\"
		Release.AspNetCompiler.Updateable = "true"
		Release.AspNetCompiler.ForceOverwrite = "true"
		Release.AspNetCompiler.FixedNames = "false"
		Release.AspNetCompiler.Debug = "False"
		SlnRelativePath = "eToolsWeb\"
		DefaultWebSiteLanguage = "Visual C#"
	EndProjectSection
EndProject
Project("{FAE04EC0-301F-11D3-BF4B-00C04F79EFBC}") = "eToolsSystem", "eToolsSystem\eToolsSystem.csproj", "{AD1FF917-A408-4B85-8E91-A345ABF193FF}"
EndProject
Global
	GlobalSection(SolutionConfigurationPlatforms) = preSolution
		Debug|Any CPU = Debug|Any CPU
		Release|Any CPU = Release|Any CPU
	EndGlobalSection
	GlobalSection(ProjectConfigurationPlatforms) = postSolution
		{FD5510CA-54F4-42D4-998A-AE294CE63229}.Debug|Any CPU.ActiveCfg = Debug|Any CPU
		{FD5510CA-54F4-42D4-998A-AE294CE63229}.Debug|Any CPU.Build.0 = Debug|Any CPU
		{FD5510CA-54F4-42D4-998A-AE294CE63229}.Release|Any CPU.ActiveCfg = Debug|Any CPU
		{FD5510CA-54F4-42D4-998A-AE294CE63229}.Release|Any CPU.Build.0 = Debug|Any CPU
		{AD1FF917-A408-4B85-8E91-A345ABF193FF}.Debug|Any CPU.ActiveCfg = Debug|Any CPU
		{AD1FF917-A408-4B85-8E91-A345ABF193FF}.Debug|Any CPU.Build.0 = Debug|Any CPU
		{AD1FF917-A408-4B85-8E91-A345ABF193FF}.Release|Any CPU.ActiveCfg = Release|Any CPU
		{AD1FF917-A408-4B85-8E91-A345ABF193FF}.Release|Any CPU.Build.0 = Release|Any CPU
	EndGlobalSection
	GlobalSection(SolutionProperties) = preSolution
		HideSolutionNode = FALSE
	EndGlobalSection
EndGlobal
